<?xml version="1.0" encoding="utf-8"?>
<Project ToolsVersion="4.0" xmlns="http://schemas.microsoft.com/developer/msbuild/2003">
  <ItemGroup>
    <Filter Include="Source Files">
      <UniqueIdentifier>{4FC737F1-C7A5-4376-A066-2A32D752A2FF}</UniqueIdentifier>
      <Extensions>cpp;c;cc;cxx;c++;cppm;ixx;def;odl;idl;hpj;bat;asm;asmx</Extensions>
    </Filter>
    <Filter Include="Header Files">
      <UniqueIdentifier>{93995380-89BD-4b04-88EB-625FBE52EBFB}</UniqueIdentifier>
      <Extensions>h;hh;hpp;hxx;h++;hm;inl;inc;ipp;xsd</Extensions>
    </Filter>
    <Filter Include="Resource Files">
      <UniqueIdentifier>{67DA6AB6-F800-4c08-8B7A-83BB121AAD01}</UniqueIdentifier>
      <Extensions>rc;ico;cur;bmp;dlg;rc2;rct;bin;rgs;gif;jpg;jpeg;jpe;resx;tiff;tif;png;wav;mfcribbon-ms</Extensions>
    </Filter>
    <Filter Include="Utils">
      <UniqueIdentifier>{2c601c6b-0479-4e96-84c1-7ec0dff0cf9a}</UniqueIdentifier>
    </Filter>
    <Filter Include="LANQ">
      <UniqueIdentifier>{00010b92-27ae-4550-be67-ad54964c13f7}</UniqueIdentifier>
    </Filter>
    <Filter Include="Threading">
      <UniqueIdentifier>{f9160672-31d0-4e0c-9053-7e98632a9caf}</UniqueIdentifier>
    </Filter>
  </ItemGroup>
  <ItemGroup>
    <ClCompile Include="AoC2023_cpp.cpp">
      <Filter>Source Files</Filter>
    </ClCompile>
    <ClCompile Include="Parallel.h">
      <Filter>Utils</Filter>
    </ClCompile>
    <ClCompile Include="LANQEnumerableRange.h">
      <Filter>LANQ</Filter>
    </ClCompile>
    <ClCompile Include="LANQInterfaces.h">
      <Filter>LANQ</Filter>
    </ClCompile>
    <ClCompile Include="LANQDataRefs.h">
      <Filter>LANQ</Filter>
    </ClCompile>
    <ClCompile Include="LANQUtils.h">
      <Filter>LANQ</Filter>
    </ClCompile>
    <ClCompile Include="LANQLStr.h">
      <Filter>LANQ</Filter>
    </ClCompile>
    <ClCompile Include="ThreadPipelineQueueWorker.h">
      <Filter>Threading</Filter>
    </ClCompile>
    <ClCompile Include="ThreadQueueWorker.h">
      <Filter>Threading</Filter>
    </ClCompile>
    <ClCompile Include="LockablePriorityQueue.h">
      <Filter>Threading</Filter>
    </ClCompile>
    <ClCompile Include="Day17.h">
      <Filter>Header Files</Filter>
    </ClCompile>
  </ItemGroup>
  <ItemGroup>
    <ClInclude Include="Day18.h">
      <Filter>Header Files</Filter>
    </ClInclude>
    <ClInclude Include="Day19.h">
      <Filter>Header Files</Filter>
    </ClInclude>
    <ClInclude Include="Day20.h">
      <Filter>Header Files</Filter>
    </ClInclude>
    <ClInclude Include="Day21.h">
      <Filter>Header Files</Filter>
    </ClInclude>
    <ClInclude Include="CommonHeaders.h">
      <Filter>Header Files</Filter>
    </ClInclude>
    <ClInclude Include="PointsNStuff.h">
      <Filter>Utils</Filter>
    </ClInclude>
    <ClInclude Include="LANQ.h">
      <Filter>LANQ</Filter>
    </ClInclude>
    <ClInclude Include="Day22.h">
      <Filter>Header Files</Filter>
    </ClInclude>
    <ClInclude Include="LANQBinaryVec.h">
      <Filter>LANQ</Filter>
    </ClInclude>
    <ClInclude Include="LANQCommonHeaders.h">
      <Filter>LANQ</Filter>
    </ClInclude>
    <ClInclude Include="LANQEnumerable.h">
      <Filter>LANQ</Filter>
    </ClInclude>
    <ClInclude Include="LANQTraitsAndConcepts.h">
      <Filter>LANQ</Filter>
    </ClInclude>
    <ClInclude Include="Day23.h">
      <Filter>Header Files</Filter>
    </ClInclude>
    <ClInclude Include="Day24.h">
      <Filter>Header Files</Filter>
    </ClInclude>
    <ClInclude Include="Day25.h">
      <Filter>Header Files</Filter>
    </ClInclude>
    <ClInclude Include="DayBase.h">
      <Filter>Header Files</Filter>
    </ClInclude>
    <ClInclude Include="ThreadPool.h">
      <Filter>Threading</Filter>
    </ClInclude>
    <ClInclude Include="LockableQueue.h">
      <Filter>Threading</Filter>
    </ClInclude>
    <ClInclude Include="LockableRingBuffer.h">
      <Filter>Threading</Filter>
    </ClInclude>
    <ClInclude Include="LockableStack.h">
      <Filter>Threading</Filter>
    </ClInclude>
  </ItemGroup>
</Project>